{
  "name": "@akb-studio/production-website-fieldbook",
  "version": "1.0.0",
  "lockfileVersion": 3,
  "requires": true,
  "packages": {
    "": {
      "name": "@akb-studio/production-website-fieldbook",
      "version": "1.0.0",
      "license": "SEE LICENSES DIRECTORY",
      "engines": {
        "node": ">=20"
      }
    }
  }
}
